// !$*UTF8*$!
{
	archiveVersion = 1;
	classes = {
	};
	objectVersion = 56;
	objects = {

/* Begin PBXBuildFile section */
		7A49AD7229E6B84200115E95 /* SwiftUICalendarApp.swift in Sources */ = {isa = PBXBuildFile; fileRef = 7A49AD7129E6B84200115E95 /* SwiftUICalendarApp.swift */; };
		7A49AD7429E6B84200115E95 /* ContentView.swift in Sources */ = {isa = PBXBuildFile; fileRef = 7A49AD7329E6B84200115E95 /* ContentView.swift */; };
		7A49AD7629E6B84300115E95 /* Assets.xcassets in Resources */ = {isa = PBXBuildFile; fileRef = 7A49AD7529E6B84300115E95 /* Assets.xcassets */; };
		7A49AD7929E6B84300115E95 /* Preview Assets.xcassets in Resources */ = {isa = PBXBuildFile; fileRef = 7A49AD7829E6B84300115E95 /* Preview Assets.xcassets */; };
		7A49AD7B29E6B84300115E95 /* Persistence.swift in Sources */ = {isa = PBXBuildFile; fileRef = 7A49AD7A29E6B84300115E95 /* Persistence.swift */; };
		7A49AD7E29E6B84300115E95 /* SwiftUICalendar.xcdatamodeld in Sources */ = {isa = PBXBuildFile; fileRef = 7A49AD7C29E6B84300115E95 /* SwiftUICalendar.xcdatamodeld */; };
		7A49AD8529E6BA4800115E95 /* Date+Ext.swift in Sources */ = {isa = PBXBuildFile; fileRef = 7A49AD8429E6BA4800115E95 /* Date+Ext.swift */; };
		7A49AD8729E6BA5600115E95 /* StreakView.swift in Sources */ = {isa = PBXBuildFile; fileRef = 7A49AD8629E6BA5600115E95 /* StreakView.swift */; };
		7A49ADD229E706D300115E95 /* WidgetKit.framework in Frameworks */ = {isa = PBXBuildFile; fileRef = 7A49AD8E29E705BD00115E95 /* WidgetKit.framework */; };
		7A49ADD329E706D300115E95 /* SwiftUI.framework in Frameworks */ = {isa = PBXBuildFile; fileRef = 7A49AD9029E705BD00115E95 /* SwiftUI.framework */; };
		7A49ADD629E706D300115E95 /* SwiftCalWidgetBundle.swift in Sources */ = {isa = PBXBuildFile; fileRef = 7A49ADD529E706D300115E95 /* SwiftCalWidgetBundle.swift */; };
		7A49ADD829E706D300115E95 /* SwiftCalWidget.swift in Sources */ = {isa = PBXBuildFile; fileRef = 7A49ADD729E706D300115E95 /* SwiftCalWidget.swift */; };
		7A49ADDA29E706D300115E95 /* Assets.xcassets in Resources */ = {isa = PBXBuildFile; fileRef = 7A49ADD929E706D300115E95 /* Assets.xcassets */; };
		7A49ADDE29E706D300115E95 /* SwiftCalWidgetExtension.appex in Embed Foundation Extensions */ = {isa = PBXBuildFile; fileRef = 7A49ADD129E706D300115E95 /* SwiftCalWidgetExtension.appex */; settings = {ATTRIBUTES = (RemoveHeadersOnCopy, ); }; };
/* End PBXBuildFile section */

/* Begin PBXContainerItemProxy section */
		7A49ADDC29E706D300115E95 /* PBXContainerItemProxy */ = {
			isa = PBXContainerItemProxy;
			containerPortal = 7A49AD6629E6B84200115E95 /* Project object */;
			proxyType = 1;
			remoteGlobalIDString = 7A49ADD029E706D300115E95;
			remoteInfo = SwiftCalWidgetExtension;
		};
/* End PBXContainerItemProxy section */

/* Begin PBXCopyFilesBuildPhase section */
		7A49ADA029E705BE00115E95 /* Embed Foundation Extensions */ = {
			isa = PBXCopyFilesBuildPhase;
			buildActionMask = 2147483647;
			dstPath = "";
			dstSubfolderSpec = 13;
			files = (
				7A49ADDE29E706D300115E95 /* SwiftCalWidgetExtension.appex in Embed Foundation Extensions */,
			);
			name = "Embed Foundation Extensions";
			runOnlyForDeploymentPostprocessing = 0;
		};
/* End PBXCopyFilesBuildPhase section */

/* Begin PBXFileReference section */
		7A49AD6E29E6B84200115E95 /* SwiftUICalendar.app */ = {isa = PBXFileReference; explicitFileType = wrapper.application; includeInIndex = 0; path = SwiftUICalendar.app; sourceTree = BUILT_PRODUCTS_DIR; };
		7A49AD7129E6B84200115E95 /* SwiftUICalendarApp.swift */ = {isa = PBXFileReference; lastKnownFileType = sourcecode.swift; path = SwiftUICalendarApp.swift; sourceTree = "<group>"; };
		7A49AD7329E6B84200115E95 /* ContentView.swift */ = {isa = PBXFileReference; lastKnownFileType = sourcecode.swift; path = ContentView.swift; sourceTree = "<group>"; };
		7A49AD7529E6B84300115E95 /* Assets.xcassets */ = {isa = PBXFileReference; lastKnownFileType = folder.assetcatalog; path = Assets.xcassets; sourceTree = "<group>"; };
		7A49AD7829E6B84300115E95 /* Preview Assets.xcassets */ = {isa = PBXFileReference; lastKnownFileType = folder.assetcatalog; path = "Preview Assets.xcassets"; sourceTree = "<group>"; };
		7A49AD7A29E6B84300115E95 /* Persistence.swift */ = {isa = PBXFileReference; lastKnownFileType = sourcecode.swift; path = Persistence.swift; sourceTree = "<group>"; };
		7A49AD7D29E6B84300115E95 /* SwiftUICalendar.xcdatamodel */ = {isa = PBXFileReference; lastKnownFileType = wrapper.xcdatamodel; path = SwiftUICalendar.xcdatamodel; sourceTree = "<group>"; };
		7A49AD8429E6BA4800115E95 /* Date+Ext.swift */ = {isa = PBXFileReference; fileEncoding = 4; lastKnownFileType = sourcecode.swift; path = "Date+Ext.swift"; sourceTree = "<group>"; };
		7A49AD8629E6BA5600115E95 /* StreakView.swift */ = {isa = PBXFileReference; fileEncoding = 4; lastKnownFileType = sourcecode.swift; path = StreakView.swift; sourceTree = "<group>"; };
		7A49AD8E29E705BD00115E95 /* WidgetKit.framework */ = {isa = PBXFileReference; lastKnownFileType = wrapper.framework; name = WidgetKit.framework; path = System/Library/Frameworks/WidgetKit.framework; sourceTree = SDKROOT; };
		7A49AD9029E705BD00115E95 /* SwiftUI.framework */ = {isa = PBXFileReference; lastKnownFileType = wrapper.framework; name = SwiftUI.framework; path = System/Library/Frameworks/SwiftUI.framework; sourceTree = SDKROOT; };
		7A49ADD129E706D300115E95 /* SwiftCalWidgetExtension.appex */ = {isa = PBXFileReference; explicitFileType = "wrapper.app-extension"; includeInIndex = 0; path = SwiftCalWidgetExtension.appex; sourceTree = BUILT_PRODUCTS_DIR; };
		7A49ADD529E706D300115E95 /* SwiftCalWidgetBundle.swift */ = {isa = PBXFileReference; lastKnownFileType = sourcecode.swift; path = SwiftCalWidgetBundle.swift; sourceTree = "<group>"; };
		7A49ADD729E706D300115E95 /* SwiftCalWidget.swift */ = {isa = PBXFileReference; lastKnownFileType = sourcecode.swift; path = SwiftCalWidget.swift; sourceTree = "<group>"; };
		7A49ADD929E706D300115E95 /* Assets.xcassets */ = {isa = PBXFileReference; lastKnownFileType = folder.assetcatalog; path = Assets.xcassets; sourceTree = "<group>"; };
		7A49ADDB29E706D300115E95 /* Info.plist */ = {isa = PBXFileReference; lastKnownFileType = text.plist.xml; path = Info.plist; sourceTree = "<group>"; };
		7A49ADE229E7070300115E95 /* SwiftUICalendar.entitlements */ = {isa = PBXFileReference; lastKnownFileType = text.plist.entitlements; path = SwiftUICalendar.entitlements; sourceTree = "<group>"; };
		7A49ADE329E7075D00115E95 /* SwiftCalWidgetExtension.entitlements */ = {isa = PBXFileReference; lastKnownFileType = text.plist.entitlements; path = SwiftCalWidgetExtension.entitlements; sourceTree = "<group>"; };
/* End PBXFileReference section */

/* Begin PBXFrameworksBuildPhase section */
		7A49AD6B29E6B84200115E95 /* Frameworks */ = {
			isa = PBXFrameworksBuildPhase;
			buildActionMask = 2147483647;
			files = (
			);
			runOnlyForDeploymentPostprocessing = 0;
		};
		7A49ADCE29E706D300115E95 /* Frameworks */ = {
			isa = PBXFrameworksBuildPhase;
			buildActionMask = 2147483647;
			files = (
				7A49ADD329E706D300115E95 /* SwiftUI.framework in Frameworks */,
				7A49ADD229E706D300115E95 /* WidgetKit.framework in Frameworks */,
			);
			runOnlyForDeploymentPostprocessing = 0;
		};
/* End PBXFrameworksBuildPhase section */

/* Begin PBXGroup section */
		7A49AD6529E6B84200115E95 = {
			isa = PBXGroup;
			children = (
				7A49ADE329E7075D00115E95 /* SwiftCalWidgetExtension.entitlements */,
				7A49AD7029E6B84200115E95 /* SwiftUICalendar */,
				7A49ADD429E706D300115E95 /* SwiftCalWidget */,
				7A49AD8D29E705BD00115E95 /* Frameworks */,
				7A49AD6F29E6B84200115E95 /* Products */,
			);
			sourceTree = "<group>";
		};
		7A49AD6F29E6B84200115E95 /* Products */ = {
			isa = PBXGroup;
			children = (
				7A49AD6E29E6B84200115E95 /* SwiftUICalendar.app */,
				7A49ADD129E706D300115E95 /* SwiftCalWidgetExtension.appex */,
			);
			name = Products;
			sourceTree = "<group>";
		};
		7A49AD7029E6B84200115E95 /* SwiftUICalendar */ = {
			isa = PBXGroup;
			children = (
				7A49ADE229E7070300115E95 /* SwiftUICalendar.entitlements */,
				7A49AD7129E6B84200115E95 /* SwiftUICalendarApp.swift */,
				7A49AD7329E6B84200115E95 /* ContentView.swift */,
				7A49AD8429E6BA4800115E95 /* Date+Ext.swift */,
				7A49AD8629E6BA5600115E95 /* StreakView.swift */,
				7A49AD7529E6B84300115E95 /* Assets.xcassets */,
				7A49AD7A29E6B84300115E95 /* Persistence.swift */,
				7A49AD7C29E6B84300115E95 /* SwiftUICalendar.xcdatamodeld */,
				7A49AD7729E6B84300115E95 /* Preview Content */,
			);
			path = SwiftUICalendar;
			sourceTree = "<group>";
		};
		7A49AD7729E6B84300115E95 /* Preview Content */ = {
			isa = PBXGroup;
			children = (
				7A49AD7829E6B84300115E95 /* Preview Assets.xcassets */,
			);
			path = "Preview Content";
			sourceTree = "<group>";
		};
		7A49AD8D29E705BD00115E95 /* Frameworks */ = {
			isa = PBXGroup;
			children = (
				7A49AD8E29E705BD00115E95 /* WidgetKit.framework */,
				7A49AD9029E705BD00115E95 /* SwiftUI.framework */,
			);
			name = Frameworks;
			sourceTree = "<group>";
		};
		7A49ADD429E706D300115E95 /* SwiftCalWidget */ = {
			isa = PBXGroup;
			children = (
				7A49ADD529E706D300115E95 /* SwiftCalWidgetBundle.swift */,
				7A49ADD729E706D300115E95 /* SwiftCalWidget.swift */,
				7A49ADD929E706D300115E95 /* Assets.xcassets */,
				7A49ADDB29E706D300115E95 /* Info.plist */,
			);
			path = SwiftCalWidget;
			sourceTree = "<group>";
		};
/* End PBXGroup section */

/* Begin PBXNativeTarget section */
		7A49AD6D29E6B84200115E95 /* SwiftUICalendar */ = {
			isa = PBXNativeTarget;
			buildConfigurationList = 7A49AD8129E6B84300115E95 /* Build configuration list for PBXNativeTarget "SwiftUICalendar" */;
			buildPhases = (
				7A49AD6A29E6B84200115E95 /* Sources */,
				7A49AD6B29E6B84200115E95 /* Frameworks */,
				7A49AD6C29E6B84200115E95 /* Resources */,
				7A49ADA029E705BE00115E95 /* Embed Foundation Extensions */,
			);
			buildRules = (
			);
			dependencies = (
				7A49ADDD29E706D300115E95 /* PBXTargetDependency */,
			);
			name = SwiftUICalendar;
			productName = SwiftUICalendar;
			productReference = 7A49AD6E29E6B84200115E95 /* SwiftUICalendar.app */;
			productType = "com.apple.product-type.application";
		};
		7A49ADD029E706D300115E95 /* SwiftCalWidgetExtension */ = {
			isa = PBXNativeTarget;
			buildConfigurationList = 7A49ADDF29E706D300115E95 /* Build configuration list for PBXNativeTarget "SwiftCalWidgetExtension" */;
			buildPhases = (
				7A49ADCD29E706D300115E95 /* Sources */,
				7A49ADCE29E706D300115E95 /* Frameworks */,
				7A49ADCF29E706D300115E95 /* Resources */,
			);
			buildRules = (
			);
			dependencies = (
			);
			name = SwiftCalWidgetExtension;
			productName = SwiftCalWidgetExtension;
			productReference = 7A49ADD129E706D300115E95 /* SwiftCalWidgetExtension.appex */;
			productType = "com.apple.product-type.app-extension";
		};
/* End PBXNativeTarget section */

/* Begin PBXProject section */
		7A49AD6629E6B84200115E95 /* Project object */ = {
			isa = PBXProject;
			attributes = {
				BuildIndependentTargetsInParallel = 1;
				LastSwiftUpdateCheck = 1420;
				LastUpgradeCheck = 1420;
				TargetAttributes = {
					7A49AD6D29E6B84200115E95 = {
						CreatedOnToolsVersion = 14.2;
					};
					7A49ADD029E706D300115E95 = {
						CreatedOnToolsVersion = 14.2;
					};
				};
			};
			buildConfigurationList = 7A49AD6929E6B84200115E95 /* Build configuration list for PBXProject "SwiftUICalendar" */;
			compatibilityVersion = "Xcode 14.0";
			developmentRegion = en;
			hasScannedForEncodings = 0;
			knownRegions = (
				en,
				Base,
			);
			mainGroup = 7A49AD6529E6B84200115E95;
			productRefGroup = 7A49AD6F29E6B84200115E95 /* Products */;
			projectDirPath = "";
			projectRoot = "";
			targets = (
				7A49AD6D29E6B84200115E95 /* SwiftUICalendar */,
				7A49ADD029E706D300115E95 /* SwiftCalWidgetExtension */,
			);
		};
/* End PBXProject section */

/* Begin PBXResourcesBuildPhase section */
		7A49AD6C29E6B84200115E95 /* Resources */ = {
			isa = PBXResourcesBuildPhase;
			buildActionMask = 2147483647;
			files = (
				7A49AD7929E6B84300115E95 /* Preview Assets.xcassets in Resources */,
				7A49AD7629E6B84300115E95 /* Assets.xcassets in Resources */,
			);
			runOnlyForDeploymentPostprocessing = 0;
		};
		7A49ADCF29E706D300115E95 /* Resources */ = {
			isa = PBXResourcesBuildPhase;
			buildActionMask = 2147483647;
			files = (
				7A49ADDA29E706D300115E95 /* Assets.xcassets in Resources */,
			);
			runOnlyForDeploymentPostprocessing = 0;
		};
/* End PBXResourcesBuildPhase section */

/* Begin PBXSourcesBuildPhase section */
		7A49AD6A29E6B84200115E95 /* Sources */ = {
			isa = PBXSourcesBuildPhase;
			buildActionMask = 2147483647;
			files = (
				7A49AD8729E6BA5600115E95 /* StreakView.swift in Sources */,
				7A49AD7B29E6B84300115E95 /* Persistence.swift in Sources */,
				7A49AD7E29E6B84300115E95 /* SwiftUICalendar.xcdatamodeld in Sources */,
				7A49AD7429E6B84200115E95 /* ContentView.swift in Sources */,
				7A49AD7229E6B84200115E95 /* SwiftUICalendarApp.swift in Sources */,
				7A49AD8529E6BA4800115E95 /* Date+Ext.swift in Sources */,
			);
			runOnlyForDeploymentPostprocessing = 0;
		};
		7A49ADCD29E706D300115E95 /* Sources */ = {
			isa = PBXSourcesBuildPhase;
			buildActionMask = 2147483647;
			files = (
				7A49ADD829E706D300115E95 /* SwiftCalWidget.swift in Sources */,
				7A49ADD629E706D300115E95 /* SwiftCalWidgetBundle.swift in Sources */,
			);
			runOnlyForDeploymentPostprocessing = 0;
		};
/* End PBXSourcesBuildPhase section */

/* Begin PBXTargetDependency section */
		7A49ADDD29E706D300115E95 /* PBXTargetDependency */ = {
			isa = PBXTargetDependency;
			target = 7A49ADD029E706D300115E95 /* SwiftCalWidgetExtension */;
			targetProxy = 7A49ADDC29E706D300115E95 /* PBXContainerItemProxy */;
		};
/* End PBXTargetDependency section */

/* Begin XCBuildConfiguration section */
		7A49AD7F29E6B84300115E95 /* Debug */ = {
			isa = XCBuildConfiguration;
			buildSettings = {
				ALWAYS_SEARCH_USER_PATHS = NO;
				CLANG_ANALYZER_NONNULL = YES;
				CLANG_ANALYZER_NUMBER_OBJECT_CONVERSION = YES_AGGRESSIVE;
				CLANG_CXX_LANGUAGE_STANDARD = "gnu++20";
				CLANG_ENABLE_MODULES = YES;
				CLANG_ENABLE_OBJC_ARC = YES;
				CLANG_ENABLE_OBJC_WEAK = YES;
				CLANG_WARN_BLOCK_CAPTURE_AUTORELEASING = YES;
				CLANG_WARN_BOOL_CONVERSION = YES;
				CLANG_WARN_COMMA = YES;
				CLANG_WARN_CONSTANT_CONVERSION = YES;
				CLANG_WARN_DEPRECATED_OBJC_IMPLEMENTATIONS = YES;
				CLANG_WARN_DIRECT_OBJC_ISA_USAGE = YES_ERROR;
				CLANG_WARN_DOCUMENTATION_COMMENTS = YES;
				CLANG_WARN_EMPTY_BODY = YES;
				CLANG_WARN_ENUM_CONVERSION = YES;
				CLANG_WARN_INFINITE_RECURSION = YES;
				CLANG_WARN_INT_CONVERSION = YES;
				CLANG_WARN_NON_LITERAL_NULL_CONVERSION = YES;
				CLANG_WARN_OBJC_IMPLICIT_RETAIN_SELF = YES;
				CLANG_WARN_OBJC_LITERAL_CONVERSION = YES;
				CLANG_WARN_OBJC_ROOT_CLASS = YES_ERROR;
				CLANG_WARN_QUOTED_INCLUDE_IN_FRAMEWORK_HEADER = YES;
				CLANG_WARN_RANGE_LOOP_ANALYSIS = YES;
				CLANG_WARN_STRICT_PROTOTYPES = YES;
				CLANG_WARN_SUSPICIOUS_MOVE = YES;
				CLANG_WARN_UNGUARDED_AVAILABILITY = YES_AGGRESSIVE;
				CLANG_WARN_UNREACHABLE_CODE = YES;
				CLANG_WARN__DUPLICATE_METHOD_MATCH = YES;
				COPY_PHASE_STRIP = NO;
				DEBUG_INFORMATION_FORMAT = dwarf;
				ENABLE_STRICT_OBJC_MSGSEND = YES;
				ENABLE_TESTABILITY = YES;
				GCC_C_LANGUAGE_STANDARD = gnu11;
				GCC_DYNAMIC_NO_PIC = NO;
				GCC_NO_COMMON_BLOCKS = YES;
				GCC_OPTIMIZATION_LEVEL = 0;
				GCC_PREPROCESSOR_DEFINITIONS = (
					"DEBUG=1",
					"$(inherited)",
				);
				GCC_WARN_64_TO_32_BIT_CONVERSION = YES;
				GCC_WARN_ABOUT_RETURN_TYPE = YES_ERROR;
				GCC_WARN_UNDECLARED_SELECTOR = YES;
				GCC_WARN_UNINITIALIZED_AUTOS = YES_AGGRESSIVE;
				GCC_WARN_UNUSED_FUNCTION = YES;
				GCC_WARN_UNUSED_VARIABLE = YES;
				IPHONEOS_DEPLOYMENT_TARGET = 16.2;
				MTL_ENABLE_DEBUG_INFO = INCLUDE_SOURCE;
				MTL_FAST_MATH = YES;
				ONLY_ACTIVE_ARCH = YES;
				SDKROOT = iphoneos;
				SWIFT_ACTIVE_COMPILATION_CONDITIONS = DEBUG;
				SWIFT_OPTIMIZATION_LEVEL = "-Onone";
			};
			name = Debug;
		};
		7A49AD8029E6B84300115E95 /* Release */ = {
			isa = XCBuildConfiguration;
			buildSettings = {
				ALWAYS_SEARCH_USER_PATHS = NO;
				CLANG_ANALYZER_NONNULL = YES;
				CLANG_ANALYZER_NUMBER_OBJECT_CONVERSION = YES_AGGRESSIVE;
				CLANG_CXX_LANGUAGE_STANDARD = "gnu++20";
				CLANG_ENABLE_MODULES = YES;
				CLANG_ENABLE_OBJC_ARC = YES;
				CLANG_ENABLE_OBJC_WEAK = YES;
				CLANG_WARN_BLOCK_CAPTURE_AUTORELEASING = YES;
				CLANG_WARN_BOOL_CONVERSION = YES;
				CLANG_WARN_COMMA = YES;
				CLANG_WARN_CONSTANT_CONVERSION = YES;
				CLANG_WARN_DEPRECATED_OBJC_IMPLEMENTATIONS = YES;
				CLANG_WARN_DIRECT_OBJC_ISA_USAGE = YES_ERROR;
				CLANG_WARN_DOCUMENTATION_COMMENTS = YES;
				CLANG_WARN_EMPTY_BODY = YES;
				CLANG_WARN_ENUM_CONVERSION = YES;
				CLANG_WARN_INFINITE_RECURSION = YES;
				CLANG_WARN_INT_CONVERSION = YES;
				CLANG_WARN_NON_LITERAL_NULL_CONVERSION = YES;
				CLANG_WARN_OBJC_IMPLICIT_RETAIN_SELF = YES;
				CLANG_WARN_OBJC_LITERAL_CONVERSION = YES;
				CLANG_WARN_OBJC_ROOT_CLASS = YES_ERROR;
				CLANG_WARN_QUOTED_INCLUDE_IN_FRAMEWORK_HEADER = YES;
				CLANG_WARN_RANGE_LOOP_ANALYSIS = YES;
				CLANG_WARN_STRICT_PROTOTYPES = YES;
				CLANG_WARN_SUSPICIOUS_MOVE = YES;
				CLANG_WARN_UNGUARDED_AVAILABILITY = YES_AGGRESSIVE;
				CLANG_WARN_UNREACHABLE_CODE = YES;
				CLANG_WARN__DUPLICATE_METHOD_MATCH = YES;
				COPY_PHASE_STRIP = NO;
				DEBUG_INFORMATION_FORMAT = "dwarf-with-dsym";
				ENABLE_NS_ASSERTIONS = NO;
				ENABLE_STRICT_OBJC_MSGSEND = YES;
				GCC_C_LANGUAGE_STANDARD = gnu11;
				GCC_NO_COMMON_BLOCKS = YES;
				GCC_WARN_64_TO_32_BIT_CONVERSION = YES;
				GCC_WARN_ABOUT_RETURN_TYPE = YES_ERROR;
				GCC_WARN_UNDECLARED_SELECTOR = YES;
				GCC_WARN_UNINITIALIZED_AUTOS = YES_AGGRESSIVE;
				GCC_WARN_UNUSED_FUNCTION = YES;
				GCC_WARN_UNUSED_VARIABLE = YES;
				IPHONEOS_DEPLOYMENT_TARGET = 16.2;
				MTL_ENABLE_DEBUG_INFO = NO;
				MTL_FAST_MATH = YES;
				SDKROOT = iphoneos;
				SWIFT_COMPILATION_MODE = wholemodule;
				SWIFT_OPTIMIZATION_LEVEL = "-O";
				VALIDATE_PRODUCT = YES;
			};
			name = Release;
		};
		7A49AD8229E6B84300115E95 /* Debug */ = {
			isa = XCBuildConfiguration;
			buildSettings = {
				ALWAYS_EMBED_SWIFT_STANDARD_LIBRARIES = YES;
				ASSETCATALOG_COMPILER_APPICON_NAME = AppIcon;
				ASSETCATALOG_COMPILER_GLOBAL_ACCENT_COLOR_NAME = AccentColor;
				CODE_SIGN_ENTITLEMENTS = SwiftUICalendar/SwiftUICalendar.entitlements;
				CODE_SIGN_STYLE = Automatic;
				CURRENT_PROJECT_VERSION = 1;
				DEVELOPMENT_ASSET_PATHS = "\"SwiftUICalendar/Preview Content\"";
				DEVELOPMENT_TEAM = 4KLMMMFY4D;
				ENABLE_PREVIEWS = YES;
				GENERATE_INFOPLIST_FILE = YES;
				INFOPLIST_KEY_UIApplicationSceneManifest_Generation = YES;
				INFOPLIST_KEY_UIApplicationSupportsIndirectInputEvents = YES;
				INFOPLIST_KEY_UILaunchScreen_Generation = YES;
				INFOPLIST_KEY_UISupportedInterfaceOrientations_iPad = "UIInterfaceOrientationPortrait UIInterfaceOrientationPortraitUpsideDown UIInterfaceOrientationLandscapeLeft UIInterfaceOrientationLandscapeRight";
				INFOPLIST_KEY_UISupportedInterfaceOrientations_iPhone = "UIInterfaceOrientationPortrait UIInterfaceOrientationLandscapeLeft UIInterfaceOrientationLandscapeRight";
				LD_RUNPATH_SEARCH_PATHS = (
					"$(inherited)",
					"@executable_path/Frameworks",
				);
				MARKETING_VERSION = 1.0;
				PRODUCT_BUNDLE_IDENTIFIER = com.acasia.SwiftUICalendar;
				PRODUCT_NAME = "$(TARGET_NAME)";
				SWIFT_EMIT_LOC_STRINGS = YES;
				SWIFT_VERSION = 5.0;
				TARGETED_DEVICE_FAMILY = "1,2";
			};
			name = Debug;
		};
		7A49AD8329E6B84300115E95 /* Release */ = {
			isa = XCBuildConfiguration;
			buildSettings = {
				ALWAYS_EMBED_SWIFT_STANDARD_LIBRARIES = YES;
				ASSETCATALOG_COMPILER_APPICON_NAME = AppIcon;
				ASSETCATALOG_COMPILER_GLOBAL_ACCENT_COLOR_NAME = AccentColor;
				CODE_SIGN_ENTITLEMENTS = SwiftUICalendar/SwiftUICalendar.entitlements;
				CODE_SIGN_STYLE = Automatic;
				CURRENT_PROJECT_VERSION = 1;
				DEVELOPMENT_ASSET_PATHS = "\"SwiftUICalendar/Preview Content\"";
				DEVELOPMENT_TEAM = 4KLMMMFY4D;
				ENABLE_PREVIEWS = YES;
				GENERATE_INFOPLIST_FILE = YES;
				INFOPLIST_KEY_UIApplicationSceneManifest_Generation = YES;
				INFOPLIST_KEY_UIApplicationSupportsIndirectInputEvents = YES;
				INFOPLIST_KEY_UILaunchScreen_Generation = YES;
				INFOPLIST_KEY_UISupportedInterfaceOrientations_iPad = "UIInterfaceOrientationPortrait UIInterfaceOrientationPortraitUpsideDown UIInterfaceOrientationLandscapeLeft UIInterfaceOrientationLandscapeRight";
				INFOPLIST_KEY_UISupportedInterfaceOrientations_iPhone = "UIInterfaceOrientationPortrait UIInterfaceOrientationLandscapeLeft UIInterfaceOrientationLandscapeRight";
				LD_RUNPATH_SEARCH_PATHS = (
					"$(inherited)",
					"@executable_path/Frameworks",
				);
				MARKETING_VERSION = 1.0;
				PRODUCT_BUNDLE_IDENTIFIER = com.acasia.SwiftUICalendar;
				PRODUCT_NAME = "$(TARGET_NAME)";
				SWIFT_EMIT_LOC_STRINGS = YES;
				SWIFT_VERSION = 5.0;
				TARGETED_DEVICE_FAMILY = "1,2";
			};
			name = Release;
		};
		7A49ADE029E706D300115E95 /* Debug */ = {
			isa = XCBuildConfiguration;
			buildSettings = {
				ASSETCATALOG_COMPILER_GLOBAL_ACCENT_COLOR_NAME = AccentColor;
				ASSETCATALOG_COMPILER_WIDGET_BACKGROUND_COLOR_NAME = WidgetBackground;
				CODE_SIGN_ENTITLEMENTS = SwiftCalWidgetExtension.entitlements;
				CODE_SIGN_STYLE = Automatic;
				CURRENT_PROJECT_VERSION = 1;
				DEVELOPMENT_TEAM = 4KLMMMFY4D;
				GENERATE_INFOPLIST_FILE = YES;
				INFOPLIST_FILE = SwiftCalWidget/Info.plist;
				INFOPLIST_KEY_CFBundleDisplayName = SwiftCalWidget;
				INFOPLIST_KEY_NSHumanReadableCopyright = "";
				LD_RUNPATH_SEARCH_PATHS = (
					"$(inherited)",
					"@executable_path/Frameworks",
					"@executable_path/../../Frameworks",
				);
				MARKETING_VERSION = 1.0;
				PRODUCT_BUNDLE_IDENTIFIER = com.acasia.SwiftUICalendar.SwiftCalWidget;
				PRODUCT_NAME = "$(TARGET_NAME)";
				SKIP_INSTALL = YES;
				SWIFT_EMIT_LOC_STRINGS = YES;
				SWIFT_VERSION = 5.0;
				TARGETED_DEVICE_FAMILY = "1,2";
			};
			name = Debug;
		};
		7A49ADE129E706D300115E95 /* Release */ = {
			isa = XCBuildConfiguration;
			buildSettings = {
				ASSETCATALOG_COMPILER_GLOBAL_ACCENT_COLOR_NAME = AccentColor;
				ASSETCATALOG_COMPILER_WIDGET_BACKGROUND_COLOR_NAME = WidgetBackground;
				CODE_SIGN_ENTITLEMENTS = SwiftCalWidgetExtension.entitlements;
				CODE_SIGN_STYLE = Automatic;
				CURRENT_PROJECT_VERSION = 1;
				DEVELOPMENT_TEAM = 4KLMMMFY4D;
				GENERATE_INFOPLIST_FILE = YES;
				INFOPLIST_FILE = SwiftCalWidget/Info.plist;
				INFOPLIST_KEY_CFBundleDisplayName = SwiftCalWidget;
				INFOPLIST_KEY_NSHumanReadableCopyright = "";
				LD_RUNPATH_SEARCH_PATHS = (
					"$(inherited)",
					"@executable_path/Frameworks",
					"@executable_path/../../Frameworks",
				);
				MARKETING_VERSION = 1.0;
				PRODUCT_BUNDLE_IDENTIFIER = com.acasia.SwiftUICalendar.SwiftCalWidget;
				PRODUCT_NAME = "$(TARGET_NAME)";
				SKIP_INSTALL = YES;
				SWIFT_EMIT_LOC_STRINGS = YES;
				SWIFT_VERSION = 5.0;
				TARGETED_DEVICE_FAMILY = "1,2";
			};
			name = Release;
		};
/* End XCBuildConfiguration section */

/* Begin XCConfigurationList section */
		7A49AD6929E6B84200115E95 /* Build configuration list for PBXProject "SwiftUICalendar" */ = {
			isa = XCConfigurationList;
			buildConfigurations = (
				7A49AD7F29E6B84300115E95 /* Debug */,
				7A49AD8029E6B84300115E95 /* Release */,
			);
			defaultConfigurationIsVisible = 0;
			defaultConfigurationName = Release;
		};
		7A49AD8129E6B84300115E95 /* Build configuration list for PBXNativeTarget "SwiftUICalendar" */ = {
			isa = XCConfigurationList;
			buildConfigurations = (
				7A49AD8229E6B84300115E95 /* Debug */,
				7A49AD8329E6B84300115E95 /* Release */,
			);
			defaultConfigurationIsVisible = 0;
			defaultConfigurationName = Release;
		};
		7A49ADDF29E706D300115E95 /* Build configuration list for PBXNativeTarget "SwiftCalWidgetExtension" */ = {
			isa = XCConfigurationList;
			buildConfigurations = (
				7A49ADE029E706D300115E95 /* Debug */,
				7A49ADE129E706D300115E95 /* Release */,
			);
			defaultConfigurationIsVisible = 0;
			defaultConfigurationName = Release;
		};
/* End XCConfigurationList section */

/* Begin XCVersionGroup section */
		7A49AD7C29E6B84300115E95 /* SwiftUICalendar.xcdatamodeld */ = {
			isa = XCVersionGroup;
			children = (
				7A49AD7D29E6B84300115E95 /* SwiftUICalendar.xcdatamodel */,
			);
			currentVersion = 7A49AD7D29E6B84300115E95 /* SwiftUICalendar.xcdatamodel */;
			path = SwiftUICalendar.xcdatamodeld;
			sourceTree = "<group>";
			versionGroupType = wrapper.xcdatamodel;
		};
/* End XCVersionGroup section */
	};
	rootObject = 7A49AD6629E6B84200115E95 /* Project object */;
}
